
Microsoft Visual Studio Solution File, Format Version 12.00
# Visual Studio Version 17
VisualStudioVersion = 17.5.002.0
MinimumVisualStudioVersion = 10.0.40219.1
Project("{9A19103F-16F7-4668-BE54-9A1E7A4F7556}") = "smvcfei", "smvcfei.csproj", "{6CA93DF6-E2D2-4310-93E4-1DFF30CE8DB4}"
EndProject
Global
	GlobalSection(SolutionConfigurationPlatforms) = preSolution
		Debug|Any CPU = Debug|Any CPU
		Release|Any CPU = Release|Any CPU
	EndGlobalSection
	GlobalSection(ProjectConfigurationPlatforms) = postSolution
		{6CA93DF6-E2D2-4310-93E4-1DFF30CE8DB4}.Debug|Any CPU.ActiveCfg = Debug|Any CPU
		{6CA93DF6-E2D2-4310-93E4-1DFF30CE8DB4}.Debug|Any CPU.Build.0 = Debug|Any CPU
		{6CA93DF6-E2D2-4310-93E4-1DFF30CE8DB4}.Release|Any CPU.ActiveCfg = Release|Any CPU
		{6CA93DF6-E2D2-4310-93E4-1DFF30CE8DB4}.Release|Any CPU.Build.0 = Release|Any CPU
	EndGlobalSection
	GlobalSection(SolutionProperties) = preSolution
		HideSolutionNode = FALSE
	EndGlobalSection
	GlobalSection(ExtensibilityGlobals) = postSolution
		SolutionGuid = {C60AD5B6-E231-44DA-8494-6D25C1C9CC70}
	EndGlobalSection
EndGlobal
